
Microsoft Visual Studio Solution File, Format Version 12.00
# Visual Studio Version 17
VisualStudioVersion = 17.5.33502.453
MinimumVisualStudioVersion = 10.0.40219.1
Project("{FAE04EC0-301F-11D3-BF4B-00C04F79EFBC}") = "crypt_lab_3", "crypt_lab_3\crypt_lab_3.csproj", "{BF890605-E0E8-44B6-AAD8-316E0E490D75}"
EndProject
Global
	GlobalSection(SolutionConfigurationPlatforms) = preSolution
		Debug|Any CPU = Debug|Any CPU
		Release|Any CPU = Release|Any CPU
	EndGlobalSection
	GlobalSection(ProjectConfigurationPlatforms) = postSolution
		{BF890605-E0E8-44B6-AAD8-316E0E490D75}.Debug|Any CPU.ActiveCfg = Debug|Any CPU
		{BF890605-E0E8-44B6-AAD8-316E0E490D75}.Debug|Any CPU.Build.0 = Debug|Any CPU
		{BF890605-E0E8-44B6-AAD8-316E0E490D75}.Release|Any CPU.ActiveCfg = Release|Any CPU
		{BF890605-E0E8-44B6-AAD8-316E0E490D75}.Release|Any CPU.Build.0 = Release|Any CPU
	EndGlobalSection
	GlobalSection(SolutionProperties) = preSolution
		HideSolutionNode = FALSE
	EndGlobalSection
	GlobalSection(ExtensibilityGlobals) = postSolution
		SolutionGuid = {B252DE7F-8A04-4E32-BB66-E57915DB2F76}
	EndGlobalSection
EndGlobal
